
Microsoft Visual Studio Solution File, Format Version 12.00
# Visual Studio 14
VisualStudioVersion = 14.0.25420.1
MinimumVisualStudioVersion = 10.0.40219.1
Project("{FAE04EC0-301F-11D3-BF4B-00C04F79EFBC}") = "WowonderLight", "WpfApplication2\WowonderLight.csproj", "{7907CF57-1072-4E26-8C30-7E7D6C3B50FF}"
EndProject
Global
	GlobalSection(SolutionConfigurationPlatforms) = preSolution
		Debug|Any CPU = Debug|Any CPU
		Release|Any CPU = Release|Any CPU
	EndGlobalSection
	GlobalSection(ProjectConfigurationPlatforms) = postSolution
		{7907CF57-1072-4E26-8C30-7E7D6C3B50FF}.Debug|Any CPU.ActiveCfg = Debug|Any CPU
		{7907CF57-1072-4E26-8C30-7E7D6C3B50FF}.Debug|Any CPU.Build.0 = Debug|Any CPU
		{7907CF57-1072-4E26-8C30-7E7D6C3B50FF}.Release|Any CPU.ActiveCfg = Release|Any CPU
		{7907CF57-1072-4E26-8C30-7E7D6C3B50FF}.Release|Any CPU.Build.0 = Release|Any CPU
	EndGlobalSection
	GlobalSection(SolutionProperties) = preSolution
		HideSolutionNode = FALSE
	EndGlobalSection
EndGlobal
